// !$*UTF8*$!
{
	archiveVersion = 1;
	classes = {
	};
	objectVersion = 56;
	objects = {

/* Begin PBXBuildFile section */
		2C0B225F2A57A8D10091E92A /* ContentView.swift in Sources */ = {isa = PBXBuildFile; fileRef = 2C2EB1682A437380009D33E3 /* ContentView.swift */; };
		2C2EB1672A437380009D33E3 /* myCourtApp.swift in Sources */ = {isa = PBXBuildFile; fileRef = 2C2EB1662A437380009D33E3 /* myCourtApp.swift */; };
		2C2EB16B2A437381009D33E3 /* Assets.xcassets in Resources */ = {isa = PBXBuildFile; fileRef = 2C2EB16A2A437381009D33E3 /* Assets.xcassets */; };
		2C2EB16F2A437381009D33E3 /* Preview Assets.xcassets in Resources */ = {isa = PBXBuildFile; fileRef = 2C2EB16E2A437381009D33E3 /* Preview Assets.xcassets */; };
		2C2EB1792A437381009D33E3 /* myCourtTests.swift in Sources */ = {isa = PBXBuildFile; fileRef = 2C2EB1782A437381009D33E3 /* myCourtTests.swift */; };
		2C2EB1832A437381009D33E3 /* myCourtUITests.swift in Sources */ = {isa = PBXBuildFile; fileRef = 2C2EB1822A437381009D33E3 /* myCourtUITests.swift */; };
		2C2EB1852A437381009D33E3 /* myCourtUITestsLaunchTests.swift in Sources */ = {isa = PBXBuildFile; fileRef = 2C2EB1842A437381009D33E3 /* myCourtUITestsLaunchTests.swift */; };
		2C41FB582A7EC27300024414 /* CourtViewModel.swift in Sources */ = {isa = PBXBuildFile; fileRef = 2C41FB572A7EC27300024414 /* CourtViewModel.swift */; };
		2C41FB5A2A7EC39900024414 /* Court.swift in Sources */ = {isa = PBXBuildFile; fileRef = 2C41FB592A7EC39900024414 /* Court.swift */; };
		2C8ABF182A80677700DB20EA /* Game.swift in Sources */ = {isa = PBXBuildFile; fileRef = 2C8ABF172A80677700DB20EA /* Game.swift */; };
		2C8ABF1A2A806BDD00DB20EA /* GameViewModel.swift in Sources */ = {isa = PBXBuildFile; fileRef = 2C8ABF192A806BDD00DB20EA /* GameViewModel.swift */; };
/* End PBXBuildFile section */

/* Begin PBXContainerItemProxy section */
		2C2EB1752A437381009D33E3 /* PBXContainerItemProxy */ = {
			isa = PBXContainerItemProxy;
			containerPortal = 2C2EB15B2A437380009D33E3 /* Project object */;
			proxyType = 1;
			remoteGlobalIDString = 2C2EB1622A437380009D33E3;
			remoteInfo = myCourt;
		};
		2C2EB17F2A437381009D33E3 /* PBXContainerItemProxy */ = {
			isa = PBXContainerItemProxy;
			containerPortal = 2C2EB15B2A437380009D33E3 /* Project object */;
			proxyType = 1;
			remoteGlobalIDString = 2C2EB1622A437380009D33E3;
			remoteInfo = myCourt;
		};
/* End PBXContainerItemProxy section */

/* Begin PBXFileReference section */
		2C2EB1632A437380009D33E3 /* myCourt.app */ = {isa = PBXFileReference; explicitFileType = wrapper.application; includeInIndex = 0; path = myCourt.app; sourceTree = BUILT_PRODUCTS_DIR; };
		2C2EB1662A437380009D33E3 /* myCourtApp.swift */ = {isa = PBXFileReference; lastKnownFileType = sourcecode.swift; path = myCourtApp.swift; sourceTree = "<group>"; };
		2C2EB1682A437380009D33E3 /* ContentView.swift */ = {isa = PBXFileReference; lastKnownFileType = sourcecode.swift; path = ContentView.swift; sourceTree = "<group>"; };
		2C2EB16A2A437381009D33E3 /* Assets.xcassets */ = {isa = PBXFileReference; lastKnownFileType = folder.assetcatalog; path = Assets.xcassets; sourceTree = "<group>"; };
		2C2EB16C2A437381009D33E3 /* myCourt.entitlements */ = {isa = PBXFileReference; lastKnownFileType = text.plist.entitlements; path = myCourt.entitlements; sourceTree = "<group>"; };
		2C2EB16E2A437381009D33E3 /* Preview Assets.xcassets */ = {isa = PBXFileReference; lastKnownFileType = folder.assetcatalog; path = "Preview Assets.xcassets"; sourceTree = "<group>"; };
		2C2EB1742A437381009D33E3 /* myCourtTests.xctest */ = {isa = PBXFileReference; explicitFileType = wrapper.cfbundle; includeInIndex = 0; path = myCourtTests.xctest; sourceTree = BUILT_PRODUCTS_DIR; };
		2C2EB1782A437381009D33E3 /* myCourtTests.swift */ = {isa = PBXFileReference; lastKnownFileType = sourcecode.swift; path = myCourtTests.swift; sourceTree = "<group>"; };
		2C2EB17E2A437381009D33E3 /* myCourtUITests.xctest */ = {isa = PBXFileReference; explicitFileType = wrapper.cfbundle; includeInIndex = 0; path = myCourtUITests.xctest; sourceTree = BUILT_PRODUCTS_DIR; };
		2C2EB1822A437381009D33E3 /* myCourtUITests.swift */ = {isa = PBXFileReference; lastKnownFileType = sourcecode.swift; path = myCourtUITests.swift; sourceTree = "<group>"; };
		2C2EB1842A437381009D33E3 /* myCourtUITestsLaunchTests.swift */ = {isa = PBXFileReference; lastKnownFileType = sourcecode.swift; path = myCourtUITestsLaunchTests.swift; sourceTree = "<group>"; };
		2C2EB1952A4A3B17009D33E3 /* Info.plist */ = {isa = PBXFileReference; lastKnownFileType = text.plist; path = Info.plist; sourceTree = "<group>"; };
		2C41FB562A7EBC1A00024414 /* myCourtRelease.entitlements */ = {isa = PBXFileReference; lastKnownFileType = text.plist.entitlements; path = myCourtRelease.entitlements; sourceTree = "<group>"; };
		2C41FB572A7EC27300024414 /* CourtViewModel.swift */ = {isa = PBXFileReference; lastKnownFileType = sourcecode.swift; path = CourtViewModel.swift; sourceTree = "<group>"; };
		2C41FB592A7EC39900024414 /* Court.swift */ = {isa = PBXFileReference; lastKnownFileType = sourcecode.swift; path = Court.swift; sourceTree = "<group>"; };
		2C8ABF172A80677700DB20EA /* Game.swift */ = {isa = PBXFileReference; lastKnownFileType = sourcecode.swift; path = Game.swift; sourceTree = "<group>"; };
		2C8ABF192A806BDD00DB20EA /* GameViewModel.swift */ = {isa = PBXFileReference; lastKnownFileType = sourcecode.swift; path = GameViewModel.swift; sourceTree = "<group>"; };
/* End PBXFileReference section */

/* Begin PBXFrameworksBuildPhase section */
		2C2EB1602A437380009D33E3 /* Frameworks */ = {
			isa = PBXFrameworksBuildPhase;
			buildActionMask = 2147483647;
			files = (
			);
			runOnlyForDeploymentPostprocessing = 0;
		};
		2C2EB1712A437381009D33E3 /* Frameworks */ = {
			isa = PBXFrameworksBuildPhase;
			buildActionMask = 2147483647;
			files = (
			);
			runOnlyForDeploymentPostprocessing = 0;
		};
		2C2EB17B2A437381009D33E3 /* Frameworks */ = {
			isa = PBXFrameworksBuildPhase;
			buildActionMask = 2147483647;
			files = (
			);
			runOnlyForDeploymentPostprocessing = 0;
		};
/* End PBXFrameworksBuildPhase section */

/* Begin PBXGroup section */
		2C2EB15A2A437380009D33E3 = {
			isa = PBXGroup;
			children = (
				2C2EB1652A437380009D33E3 /* myCourt */,
				2C2EB1772A437381009D33E3 /* myCourtTests */,
				2C2EB1812A437381009D33E3 /* myCourtUITests */,
				2C2EB1642A437380009D33E3 /* Products */,
			);
			sourceTree = "<group>";
		};
		2C2EB1642A437380009D33E3 /* Products */ = {
			isa = PBXGroup;
			children = (
				2C2EB1632A437380009D33E3 /* myCourt.app */,
				2C2EB1742A437381009D33E3 /* myCourtTests.xctest */,
				2C2EB17E2A437381009D33E3 /* myCourtUITests.xctest */,
			);
			name = Products;
			sourceTree = "<group>";
		};
		2C2EB1652A437380009D33E3 /* myCourt */ = {
			isa = PBXGroup;
			children = (
				2C41FB562A7EBC1A00024414 /* myCourtRelease.entitlements */,
				2C2EB1952A4A3B17009D33E3 /* Info.plist */,
				2C2EB1662A437380009D33E3 /* myCourtApp.swift */,
				2C2EB1682A437380009D33E3 /* ContentView.swift */,
				2C41FB572A7EC27300024414 /* CourtViewModel.swift */,
				2C8ABF192A806BDD00DB20EA /* GameViewModel.swift */,
				2C41FB592A7EC39900024414 /* Court.swift */,
				2C8ABF172A80677700DB20EA /* Game.swift */,
				2C2EB16A2A437381009D33E3 /* Assets.xcassets */,
				2C2EB16C2A437381009D33E3 /* myCourt.entitlements */,
				2C2EB16D2A437381009D33E3 /* Preview Content */,
			);
			path = myCourt;
			sourceTree = "<group>";
		};
		2C2EB16D2A437381009D33E3 /* Preview Content */ = {
			isa = PBXGroup;
			children = (
				2C2EB16E2A437381009D33E3 /* Preview Assets.xcassets */,
			);
			path = "Preview Content";
			sourceTree = "<group>";
		};
		2C2EB1772A437381009D33E3 /* myCourtTests */ = {
			isa = PBXGroup;
			children = (
				2C2EB1782A437381009D33E3 /* myCourtTests.swift */,
			);
			path = myCourtTests;
			sourceTree = "<group>";
		};
		2C2EB1812A437381009D33E3 /* myCourtUITests */ = {
			isa = PBXGroup;
			children = (
				2C2EB1822A437381009D33E3 /* myCourtUITests.swift */,
				2C2EB1842A437381009D33E3 /* myCourtUITestsLaunchTests.swift */,
			);
			path = myCourtUITests;
			sourceTree = "<group>";
		};
/* End PBXGroup section */

/* Begin PBXNativeTarget section */
		2C2EB1622A437380009D33E3 /* myCourt */ = {
			isa = PBXNativeTarget;
			buildConfigurationList = 2C2EB1882A437381009D33E3 /* Build configuration list for PBXNativeTarget "myCourt" */;
			buildPhases = (
				2C2EB15F2A437380009D33E3 /* Sources */,
				2C2EB1602A437380009D33E3 /* Frameworks */,
				2C2EB1612A437380009D33E3 /* Resources */,
			);
			buildRules = (
			);
			dependencies = (
			);
			name = myCourt;
			productName = myCourt;
			productReference = 2C2EB1632A437380009D33E3 /* myCourt.app */;
			productType = "com.apple.product-type.application";
		};
		2C2EB1732A437381009D33E3 /* myCourtTests */ = {
			isa = PBXNativeTarget;
			buildConfigurationList = 2C2EB18B2A437381009D33E3 /* Build configuration list for PBXNativeTarget "myCourtTests" */;
			buildPhases = (
				2C2EB1702A437381009D33E3 /* Sources */,
				2C2EB1712A437381009D33E3 /* Frameworks */,
				2C2EB1722A437381009D33E3 /* Resources */,
			);
			buildRules = (
			);
			dependencies = (
				2C2EB1762A437381009D33E3 /* PBXTargetDependency */,
			);
			name = myCourtTests;
			productName = myCourtTests;
			productReference = 2C2EB1742A437381009D33E3 /* myCourtTests.xctest */;
			productType = "com.apple.product-type.bundle.unit-test";
		};
		2C2EB17D2A437381009D33E3 /* myCourtUITests */ = {
			isa = PBXNativeTarget;
			buildConfigurationList = 2C2EB18E2A437381009D33E3 /* Build configuration list for PBXNativeTarget "myCourtUITests" */;
			buildPhases = (
				2C2EB17A2A437381009D33E3 /* Sources */,
				2C2EB17B2A437381009D33E3 /* Frameworks */,
				2C2EB17C2A437381009D33E3 /* Resources */,
			);
			buildRules = (
			);
			dependencies = (
				2C2EB1802A437381009D33E3 /* PBXTargetDependency */,
			);
			name = myCourtUITests;
			productName = myCourtUITests;
			productReference = 2C2EB17E2A437381009D33E3 /* myCourtUITests.xctest */;
			productType = "com.apple.product-type.bundle.ui-testing";
		};
/* End PBXNativeTarget section */

/* Begin PBXProject section */
		2C2EB15B2A437380009D33E3 /* Project object */ = {
			isa = PBXProject;
			attributes = {
				BuildIndependentTargetsInParallel = 1;
				LastSwiftUpdateCheck = 1430;
				LastUpgradeCheck = 1430;
				TargetAttributes = {
					2C2EB1622A437380009D33E3 = {
						CreatedOnToolsVersion = 14.3.1;
					};
					2C2EB1732A437381009D33E3 = {
						CreatedOnToolsVersion = 14.3.1;
						TestTargetID = 2C2EB1622A437380009D33E3;
					};
					2C2EB17D2A437381009D33E3 = {
						CreatedOnToolsVersion = 14.3.1;
						TestTargetID = 2C2EB1622A437380009D33E3;
					};
				};
			};
			buildConfigurationList = 2C2EB15E2A437380009D33E3 /* Build configuration list for PBXProject "myCourt" */;
			compatibilityVersion = "Xcode 14.0";
			developmentRegion = en;
			hasScannedForEncodings = 0;
			knownRegions = (
				en,
				Base,
			);
			mainGroup = 2C2EB15A2A437380009D33E3;
			productRefGroup = 2C2EB1642A437380009D33E3 /* Products */;
			projectDirPath = "";
			projectRoot = "";
			targets = (
				2C2EB1622A437380009D33E3 /* myCourt */,
				2C2EB1732A437381009D33E3 /* myCourtTests */,
				2C2EB17D2A437381009D33E3 /* myCourtUITests */,
			);
		};
/* End PBXProject section */

/* Begin PBXResourcesBuildPhase section */
		2C2EB1612A437380009D33E3 /* Resources */ = {
			isa = PBXResourcesBuildPhase;
			buildActionMask = 2147483647;
			files = (
				2C2EB16F2A437381009D33E3 /* Preview Assets.xcassets in Resources */,
				2C2EB16B2A437381009D33E3 /* Assets.xcassets in Resources */,
			);
			runOnlyForDeploymentPostprocessing = 0;
		};
		2C2EB1722A437381009D33E3 /* Resources */ = {
			isa = PBXResourcesBuildPhase;
			buildActionMask = 2147483647;
			files = (
			);
			runOnlyForDeploymentPostprocessing = 0;
		};
		2C2EB17C2A437381009D33E3 /* Resources */ = {
			isa = PBXResourcesBuildPhase;
			buildActionMask = 2147483647;
			files = (
			);
			runOnlyForDeploymentPostprocessing = 0;
		};
/* End PBXResourcesBuildPhase section */

/* Begin PBXSourcesBuildPhase section */
		2C2EB15F2A437380009D33E3 /* Sources */ = {
			isa = PBXSourcesBuildPhase;
			buildActionMask = 2147483647;
			files = (
				2C2EB1672A437380009D33E3 /* myCourtApp.swift in Sources */,
				2C8ABF182A80677700DB20EA /* Game.swift in Sources */,
				2C41FB5A2A7EC39900024414 /* Court.swift in Sources */,
				2C0B225F2A57A8D10091E92A /* ContentView.swift in Sources */,
				2C41FB582A7EC27300024414 /* CourtViewModel.swift in Sources */,
				2C8ABF1A2A806BDD00DB20EA /* GameViewModel.swift in Sources */,
			);
			runOnlyForDeploymentPostprocessing = 0;
		};
		2C2EB1702A437381009D33E3 /* Sources */ = {
			isa = PBXSourcesBuildPhase;
			buildActionMask = 2147483647;
			files = (
				2C2EB1792A437381009D33E3 /* myCourtTests.swift in Sources */,
			);
			runOnlyForDeploymentPostprocessing = 0;
		};
		2C2EB17A2A437381009D33E3 /* Sources */ = {
			isa = PBXSourcesBuildPhase;
			buildActionMask = 2147483647;
			files = (
				2C2EB1852A437381009D33E3 /* myCourtUITestsLaunchTests.swift in Sources */,
				2C2EB1832A437381009D33E3 /* myCourtUITests.swift in Sources */,
			);
			runOnlyForDeploymentPostprocessing = 0;
		};
/* End PBXSourcesBuildPhase section */

/* Begin PBXTargetDependency section */
		2C2EB1762A437381009D33E3 /* PBXTargetDependency */ = {
			isa = PBXTargetDependency;
			target = 2C2EB1622A437380009D33E3 /* myCourt */;
			targetProxy = 2C2EB1752A437381009D33E3 /* PBXContainerItemProxy */;
		};
		2C2EB1802A437381009D33E3 /* PBXTargetDependency */ = {
			isa = PBXTargetDependency;
			target = 2C2EB1622A437380009D33E3 /* myCourt */;
			targetProxy = 2C2EB17F2A437381009D33E3 /* PBXContainerItemProxy */;
		};
/* End PBXTargetDependency section */

/* Begin XCBuildConfiguration section */
		2C2EB1862A437381009D33E3 /* Debug */ = {
			isa = XCBuildConfiguration;
			buildSettings = {
				ALWAYS_SEARCH_USER_PATHS = NO;
				CLANG_ANALYZER_NONNULL = YES;
				CLANG_ANALYZER_NUMBER_OBJECT_CONVERSION = YES_AGGRESSIVE;
				CLANG_CXX_LANGUAGE_STANDARD = "gnu++20";
				CLANG_ENABLE_MODULES = YES;
				CLANG_ENABLE_OBJC_ARC = YES;
				CLANG_ENABLE_OBJC_WEAK = YES;
				CLANG_WARN_BLOCK_CAPTURE_AUTORELEASING = YES;
				CLANG_WARN_BOOL_CONVERSION = YES;
				CLANG_WARN_COMMA = YES;
				CLANG_WARN_CONSTANT_CONVERSION = YES;
				CLANG_WARN_DEPRECATED_OBJC_IMPLEMENTATIONS = YES;
				CLANG_WARN_DIRECT_OBJC_ISA_USAGE = YES_ERROR;
				CLANG_WARN_DOCUMENTATION_COMMENTS = YES;
				CLANG_WARN_EMPTY_BODY = YES;
				CLANG_WARN_ENUM_CONVERSION = YES;
				CLANG_WARN_INFINITE_RECURSION = YES;
				CLANG_WARN_INT_CONVERSION = YES;
				CLANG_WARN_NON_LITERAL_NULL_CONVERSION = YES;
				CLANG_WARN_OBJC_IMPLICIT_RETAIN_SELF = YES;
				CLANG_WARN_OBJC_LITERAL_CONVERSION = YES;
				CLANG_WARN_OBJC_ROOT_CLASS = YES_ERROR;
				CLANG_WARN_QUOTED_INCLUDE_IN_FRAMEWORK_HEADER = YES;
				CLANG_WARN_RANGE_LOOP_ANALYSIS = YES;
				CLANG_WARN_STRICT_PROTOTYPES = YES;
				CLANG_WARN_SUSPICIOUS_MOVE = YES;
				CLANG_WARN_UNGUARDED_AVAILABILITY = YES_AGGRESSIVE;
				CLANG_WARN_UNREACHABLE_CODE = YES;
				CLANG_WARN__DUPLICATE_METHOD_MATCH = YES;
				COPY_PHASE_STRIP = NO;
				DEBUG_INFORMATION_FORMAT = dwarf;
				ENABLE_STRICT_OBJC_MSGSEND = YES;
				ENABLE_TESTABILITY = YES;
				GCC_C_LANGUAGE_STANDARD = gnu11;
				GCC_DYNAMIC_NO_PIC = NO;
				GCC_NO_COMMON_BLOCKS = YES;
				GCC_OPTIMIZATION_LEVEL = 0;
				GCC_PREPROCESSOR_DEFINITIONS = (
					"DEBUG=1",
					"$(inherited)",
				);
				GCC_WARN_64_TO_32_BIT_CONVERSION = YES;
				GCC_WARN_ABOUT_RETURN_TYPE = YES_ERROR;
				GCC_WARN_UNDECLARED_SELECTOR = YES;
				GCC_WARN_UNINITIALIZED_AUTOS = YES_AGGRESSIVE;
				GCC_WARN_UNUSED_FUNCTION = YES;
				GCC_WARN_UNUSED_VARIABLE = YES;
				MTL_ENABLE_DEBUG_INFO = INCLUDE_SOURCE;
				MTL_FAST_MATH = YES;
				ONLY_ACTIVE_ARCH = YES;
				SWIFT_ACTIVE_COMPILATION_CONDITIONS = DEBUG;
				SWIFT_OPTIMIZATION_LEVEL = "-Onone";
			};
			name = Debug;
		};
		2C2EB1872A437381009D33E3 /* Release */ = {
			isa = XCBuildConfiguration;
			buildSettings = {
				ALWAYS_SEARCH_USER_PATHS = NO;
				CLANG_ANALYZER_NONNULL = YES;
				CLANG_ANALYZER_NUMBER_OBJECT_CONVERSION = YES_AGGRESSIVE;
				CLANG_CXX_LANGUAGE_STANDARD = "gnu++20";
				CLANG_ENABLE_MODULES = YES;
				CLANG_ENABLE_OBJC_ARC = YES;
				CLANG_ENABLE_OBJC_WEAK = YES;
				CLANG_WARN_BLOCK_CAPTURE_AUTORELEASING = YES;
				CLANG_WARN_BOOL_CONVERSION = YES;
				CLANG_WARN_COMMA = YES;
				CLANG_WARN_CONSTANT_CONVERSION = YES;
				CLANG_WARN_DEPRECATED_OBJC_IMPLEMENTATIONS = YES;
				CLANG_WARN_DIRECT_OBJC_ISA_USAGE = YES_ERROR;
				CLANG_WARN_DOCUMENTATION_COMMENTS = YES;
				CLANG_WARN_EMPTY_BODY = YES;
				CLANG_WARN_ENUM_CONVERSION = YES;
				CLANG_WARN_INFINITE_RECURSION = YES;
				CLANG_WARN_INT_CONVERSION = YES;
				CLANG_WARN_NON_LITERAL_NULL_CONVERSION = YES;
				CLANG_WARN_OBJC_IMPLICIT_RETAIN_SELF = YES;
				CLANG_WARN_OBJC_LITERAL_CONVERSION = YES;
				CLANG_WARN_OBJC_ROOT_CLASS = YES_ERROR;
				CLANG_WARN_QUOTED_INCLUDE_IN_FRAMEWORK_HEADER = YES;
				CLANG_WARN_RANGE_LOOP_ANALYSIS = YES;
				CLANG_WARN_STRICT_PROTOTYPES = YES;
				CLANG_WARN_SUSPICIOUS_MOVE = YES;
				CLANG_WARN_UNGUARDED_AVAILABILITY = YES_AGGRESSIVE;
				CLANG_WARN_UNREACHABLE_CODE = YES;
				CLANG_WARN__DUPLICATE_METHOD_MATCH = YES;
				COPY_PHASE_STRIP = NO;
				DEBUG_INFORMATION_FORMAT = "dwarf-with-dsym";
				ENABLE_NS_ASSERTIONS = NO;
				ENABLE_STRICT_OBJC_MSGSEND = YES;
				GCC_C_LANGUAGE_STANDARD = gnu11;
				GCC_NO_COMMON_BLOCKS = YES;
				GCC_WARN_64_TO_32_BIT_CONVERSION = YES;
				GCC_WARN_ABOUT_RETURN_TYPE = YES_ERROR;
				GCC_WARN_UNDECLARED_SELECTOR = YES;
				GCC_WARN_UNINITIALIZED_AUTOS = YES_AGGRESSIVE;
				GCC_WARN_UNUSED_FUNCTION = YES;
				GCC_WARN_UNUSED_VARIABLE = YES;
				MTL_ENABLE_DEBUG_INFO = NO;
				MTL_FAST_MATH = YES;
				SWIFT_COMPILATION_MODE = wholemodule;
				SWIFT_OPTIMIZATION_LEVEL = "-O";
			};
			name = Release;
		};
		2C2EB1892A437381009D33E3 /* Debug */ = {
			isa = XCBuildConfiguration;
			buildSettings = {
				ASSETCATALOG_COMPILER_APPICON_NAME = AppIcon;
				ASSETCATALOG_COMPILER_GLOBAL_ACCENT_COLOR_NAME = AccentColor;
				CODE_SIGN_ENTITLEMENTS = myCourt/myCourt.entitlements;
				"CODE_SIGN_IDENTITY[sdk=macosx*]" = "Apple Development";
				CODE_SIGN_STYLE = Automatic;
				CURRENT_PROJECT_VERSION = 1;
				DEVELOPMENT_ASSET_PATHS = "\"myCourt/Preview Content\"";
				DEVELOPMENT_TEAM = TP2H36J7B3;
				ENABLE_PREVIEWS = YES;
				GENERATE_INFOPLIST_FILE = YES;
				INFOPLIST_FILE = myCourt/Info.plist;
				"INFOPLIST_KEY_UIApplicationSceneManifest_Generation[sdk=iphoneos*]" = YES;
				"INFOPLIST_KEY_UIApplicationSceneManifest_Generation[sdk=iphonesimulator*]" = YES;
				"INFOPLIST_KEY_UIApplicationSupportsIndirectInputEvents[sdk=iphoneos*]" = YES;
				"INFOPLIST_KEY_UIApplicationSupportsIndirectInputEvents[sdk=iphonesimulator*]" = YES;
				"INFOPLIST_KEY_UILaunchScreen_Generation[sdk=iphoneos*]" = YES;
				"INFOPLIST_KEY_UILaunchScreen_Generation[sdk=iphonesimulator*]" = YES;
				INFOPLIST_KEY_UIStatusBarStyle = "";
				"INFOPLIST_KEY_UIStatusBarStyle[sdk=iphoneos*]" = UIStatusBarStyleDefault;
				"INFOPLIST_KEY_UIStatusBarStyle[sdk=iphonesimulator*]" = UIStatusBarStyleDefault;
				INFOPLIST_KEY_UISupportedInterfaceOrientations = UIInterfaceOrientationPortrait;
				IPHONEOS_DEPLOYMENT_TARGET = 16.0;
				LD_RUNPATH_SEARCH_PATHS = "@executable_path/Frameworks";
				"LD_RUNPATH_SEARCH_PATHS[sdk=macosx*]" = "@executable_path/../Frameworks";
				MACOSX_DEPLOYMENT_TARGET = 13.3;
				MARKETING_VERSION = 1.0;
				PRODUCT_BUNDLE_IDENTIFIER = volin.dev.myCourt;
				PRODUCT_NAME = "$(TARGET_NAME)";
				SDKROOT = auto;
				SUPPORTED_PLATFORMS = "iphoneos iphonesimulator";
				SUPPORTS_MACCATALYST = NO;
				SUPPORTS_MAC_DESIGNED_FOR_IPHONE_IPAD = NO;
				SWIFT_EMIT_LOC_STRINGS = YES;
				SWIFT_VERSION = 5.0;
				TARGETED_DEVICE_FAMILY = 1;
			};
			name = Debug;
		};
		2C2EB18A2A437381009D33E3 /* Release */ = {
			isa = XCBuildConfiguration;
			buildSettings = {
				ASSETCATALOG_COMPILER_APPICON_NAME = AppIcon;
				ASSETCATALOG_COMPILER_GLOBAL_ACCENT_COLOR_NAME = AccentColor;
				CODE_SIGN_ENTITLEMENTS = myCourt/myCourtRelease.entitlements;
				"CODE_SIGN_IDENTITY[sdk=macosx*]" = "Apple Development";
				CODE_SIGN_STYLE = Automatic;
				CURRENT_PROJECT_VERSION = 1;
				DEVELOPMENT_ASSET_PATHS = "\"myCourt/Preview Content\"";
				DEVELOPMENT_TEAM = TP2H36J7B3;
				ENABLE_PREVIEWS = YES;
				GENERATE_INFOPLIST_FILE = YES;
				INFOPLIST_FILE = myCourt/Info.plist;
				"INFOPLIST_KEY_UIApplicationSceneManifest_Generation[sdk=iphoneos*]" = YES;
				"INFOPLIST_KEY_UIApplicationSceneManifest_Generation[sdk=iphonesimulator*]" = YES;
				"INFOPLIST_KEY_UIApplicationSupportsIndirectInputEvents[sdk=iphoneos*]" = YES;
				"INFOPLIST_KEY_UIApplicationSupportsIndirectInputEvents[sdk=iphonesimulator*]" = YES;
				"INFOPLIST_KEY_UILaunchScreen_Generation[sdk=iphoneos*]" = YES;
				"INFOPLIST_KEY_UILaunchScreen_Generation[sdk=iphonesimulator*]" = YES;
				INFOPLIST_KEY_UIStatusBarStyle = "";
				"INFOPLIST_KEY_UIStatusBarStyle[sdk=iphoneos*]" = UIStatusBarStyleDefault;
				"INFOPLIST_KEY_UIStatusBarStyle[sdk=iphonesimulator*]" = UIStatusBarStyleDefault;
				INFOPLIST_KEY_UISupportedInterfaceOrientations = UIInterfaceOrientationPortrait;
				IPHONEOS_DEPLOYMENT_TARGET = 16.0;
				LD_RUNPATH_SEARCH_PATHS = "@executable_path/Frameworks";
				"LD_RUNPATH_SEARCH_PATHS[sdk=macosx*]" = "@executable_path/../Frameworks";
				MACOSX_DEPLOYMENT_TARGET = 13.3;
				MARKETING_VERSION = 1.0;
				PRODUCT_BUNDLE_IDENTIFIER = volin.dev.myCourt;
				PRODUCT_NAME = "$(TARGET_NAME)";
				SDKROOT = auto;
				SUPPORTED_PLATFORMS = "iphoneos iphonesimulator";
				SUPPORTS_MACCATALYST = NO;
				SUPPORTS_MAC_DESIGNED_FOR_IPHONE_IPAD = NO;
				SWIFT_EMIT_LOC_STRINGS = YES;
				SWIFT_VERSION = 5.0;
				TARGETED_DEVICE_FAMILY = 1;
			};
			name = Release;
		};
		2C2EB18C2A437381009D33E3 /* Debug */ = {
			isa = XCBuildConfiguration;
			buildSettings = {
				ALWAYS_EMBED_SWIFT_STANDARD_LIBRARIES = YES;
				BUNDLE_LOADER = "$(TEST_HOST)";
				CODE_SIGN_STYLE = Automatic;
				CURRENT_PROJECT_VERSION = 1;
				GENERATE_INFOPLIST_FILE = YES;
				IPHONEOS_DEPLOYMENT_TARGET = 16.4;
				MACOSX_DEPLOYMENT_TARGET = 13.3;
				MARKETING_VERSION = 1.0;
				PRODUCT_BUNDLE_IDENTIFIER = volin.dev.myCourtTests;
				PRODUCT_NAME = "$(TARGET_NAME)";
				SDKROOT = auto;
				SUPPORTED_PLATFORMS = "iphoneos iphonesimulator macosx";
				SWIFT_EMIT_LOC_STRINGS = NO;
				SWIFT_VERSION = 5.0;
				TARGETED_DEVICE_FAMILY = "1,2";
				TEST_HOST = "$(BUILT_PRODUCTS_DIR)/myCourt.app/$(BUNDLE_EXECUTABLE_FOLDER_PATH)/myCourt";
			};
			name = Debug;
		};
		2C2EB18D2A437381009D33E3 /* Release */ = {
			isa = XCBuildConfiguration;
			buildSettings = {
				ALWAYS_EMBED_SWIFT_STANDARD_LIBRARIES = YES;
				BUNDLE_LOADER = "$(TEST_HOST)";
				CODE_SIGN_STYLE = Automatic;
				CURRENT_PROJECT_VERSION = 1;
				GENERATE_INFOPLIST_FILE = YES;
				IPHONEOS_DEPLOYMENT_TARGET = 16.4;
				MACOSX_DEPLOYMENT_TARGET = 13.3;
				MARKETING_VERSION = 1.0;
				PRODUCT_BUNDLE_IDENTIFIER = volin.dev.myCourtTests;
				PRODUCT_NAME = "$(TARGET_NAME)";
				SDKROOT = auto;
				SUPPORTED_PLATFORMS = "iphoneos iphonesimulator macosx";
				SWIFT_EMIT_LOC_STRINGS = NO;
				SWIFT_VERSION = 5.0;
				TARGETED_DEVICE_FAMILY = "1,2";
				TEST_HOST = "$(BUILT_PRODUCTS_DIR)/myCourt.app/$(BUNDLE_EXECUTABLE_FOLDER_PATH)/myCourt";
			};
			name = Release;
		};
		2C2EB18F2A437381009D33E3 /* Debug */ = {
			isa = XCBuildConfiguration;
			buildSettings = {
				ALWAYS_EMBED_SWIFT_STANDARD_LIBRARIES = YES;
				CODE_SIGN_STYLE = Automatic;
				CURRENT_PROJECT_VERSION = 1;
				GENERATE_INFOPLIST_FILE = YES;
				IPHONEOS_DEPLOYMENT_TARGET = 16.4;
				MACOSX_DEPLOYMENT_TARGET = 13.3;
				MARKETING_VERSION = 1.0;
				PRODUCT_BUNDLE_IDENTIFIER = volin.dev.myCourtUITests;
				PRODUCT_NAME = "$(TARGET_NAME)";
				SDKROOT = auto;
				SUPPORTED_PLATFORMS = "iphoneos iphonesimulator macosx";
				SWIFT_EMIT_LOC_STRINGS = NO;
				SWIFT_VERSION = 5.0;
				TARGETED_DEVICE_FAMILY = "1,2";
				TEST_TARGET_NAME = myCourt;
			};
			name = Debug;
		};
		2C2EB1902A437381009D33E3 /* Release */ = {
			isa = XCBuildConfiguration;
			buildSettings = {
				ALWAYS_EMBED_SWIFT_STANDARD_LIBRARIES = YES;
				CODE_SIGN_STYLE = Automatic;
				CURRENT_PROJECT_VERSION = 1;
				GENERATE_INFOPLIST_FILE = YES;
				IPHONEOS_DEPLOYMENT_TARGET = 16.4;
				MACOSX_DEPLOYMENT_TARGET = 13.3;
				MARKETING_VERSION = 1.0;
				PRODUCT_BUNDLE_IDENTIFIER = volin.dev.myCourtUITests;
				PRODUCT_NAME = "$(TARGET_NAME)";
				SDKROOT = auto;
				SUPPORTED_PLATFORMS = "iphoneos iphonesimulator macosx";
				SWIFT_EMIT_LOC_STRINGS = NO;
				SWIFT_VERSION = 5.0;
				TARGETED_DEVICE_FAMILY = "1,2";
				TEST_TARGET_NAME = myCourt;
			};
			name = Release;
		};
/* End XCBuildConfiguration section */

/* Begin XCConfigurationList section */
		2C2EB15E2A437380009D33E3 /* Build configuration list for PBXProject "myCourt" */ = {
			isa = XCConfigurationList;
			buildConfigurations = (
				2C2EB1862A437381009D33E3 /* Debug */,
				2C2EB1872A437381009D33E3 /* Release */,
			);
			defaultConfigurationIsVisible = 0;
			defaultConfigurationName = Release;
		};
		2C2EB1882A437381009D33E3 /* Build configuration list for PBXNativeTarget "myCourt" */ = {
			isa = XCConfigurationList;
			buildConfigurations = (
				2C2EB1892A437381009D33E3 /* Debug */,
				2C2EB18A2A437381009D33E3 /* Release */,
			);
			defaultConfigurationIsVisible = 0;
			defaultConfigurationName = Release;
		};
		2C2EB18B2A437381009D33E3 /* Build configuration list for PBXNativeTarget "myCourtTests" */ = {
			isa = XCConfigurationList;
			buildConfigurations = (
				2C2EB18C2A437381009D33E3 /* Debug */,
				2C2EB18D2A437381009D33E3 /* Release */,
			);
			defaultConfigurationIsVisible = 0;
			defaultConfigurationName = Release;
		};
		2C2EB18E2A437381009D33E3 /* Build configuration list for PBXNativeTarget "myCourtUITests" */ = {
			isa = XCConfigurationList;
			buildConfigurations = (
				2C2EB18F2A437381009D33E3 /* Debug */,
				2C2EB1902A437381009D33E3 /* Release */,
			);
			defaultConfigurationIsVisible = 0;
			defaultConfigurationName = Release;
		};
/* End XCConfigurationList section */
	};
	rootObject = 2C2EB15B2A437380009D33E3 /* Project object */;
}
